// !$*UTF8*$!
{
	archiveVersion = 1;
	classes = {
	};
	objectVersion = 56;
	objects = {

/* Begin PBXBuildFile section */
		0DAF816C2B39AC0C0062D651 /* AppetizerApp.swift in Sources */ = {isa = PBXBuildFile; fileRef = 0DAF816B2B39AC0C0062D651 /* AppetizerApp.swift */; };
		0DAF816E2B39AC0C0062D651 /* AppetizerTabView.swift in Sources */ = {isa = PBXBuildFile; fileRef = 0DAF816D2B39AC0C0062D651 /* AppetizerTabView.swift */; };
		0DAF81702B39AC0D0062D651 /* Assets.xcassets in Resources */ = {isa = PBXBuildFile; fileRef = 0DAF816F2B39AC0D0062D651 /* Assets.xcassets */; };
		0DAF81732B39AC0D0062D651 /* Preview Assets.xcassets in Resources */ = {isa = PBXBuildFile; fileRef = 0DAF81722B39AC0D0062D651 /* Preview Assets.xcassets */; };
		0DAF817D2B39AC0E0062D651 /* AppetizerTests.swift in Sources */ = {isa = PBXBuildFile; fileRef = 0DAF817C2B39AC0E0062D651 /* AppetizerTests.swift */; };
		0DAF81872B39AC0E0062D651 /* AppetizerUITests.swift in Sources */ = {isa = PBXBuildFile; fileRef = 0DAF81862B39AC0E0062D651 /* AppetizerUITests.swift */; };
		0DAF81892B39AC0E0062D651 /* AppetizerUITestsLaunchTests.swift in Sources */ = {isa = PBXBuildFile; fileRef = 0DAF81882B39AC0E0062D651 /* AppetizerUITestsLaunchTests.swift */; };
		0DAF81962B39AC9D0062D651 /* AppetizerListView.swift in Sources */ = {isa = PBXBuildFile; fileRef = 0DAF81952B39AC9D0062D651 /* AppetizerListView.swift */; };
		0DAF81982B39ACB40062D651 /* AccountView.swift in Sources */ = {isa = PBXBuildFile; fileRef = 0DAF81972B39ACB40062D651 /* AccountView.swift */; };
		0DAF819A2B39ACCE0062D651 /* OrderView.swift in Sources */ = {isa = PBXBuildFile; fileRef = 0DAF81992B39ACCE0062D651 /* OrderView.swift */; };
		0DAF819C2B3C88320062D651 /* Appetizer.swift in Sources */ = {isa = PBXBuildFile; fileRef = 0DAF819B2B3C88320062D651 /* Appetizer.swift */; };
		0DAF819E2B3C939E0062D651 /* AppetizerListCell.swift in Sources */ = {isa = PBXBuildFile; fileRef = 0DAF819D2B3C939E0062D651 /* AppetizerListCell.swift */; };
		0DAF81A02B3C952D0062D651 /* NetworkManager.swift in Sources */ = {isa = PBXBuildFile; fileRef = 0DAF819F2B3C952D0062D651 /* NetworkManager.swift */; };
		0DAF81A22B3C9F0F0062D651 /* APError.swift in Sources */ = {isa = PBXBuildFile; fileRef = 0DAF81A12B3C9F0F0062D651 /* APError.swift */; };
		0DAF81A42B3CA79A0062D651 /* AppetizerListViewModal.swift in Sources */ = {isa = PBXBuildFile; fileRef = 0DAF81A32B3CA79A0062D651 /* AppetizerListViewModal.swift */; };
		0DAF81A62B3CA95F0062D651 /* Alert.swift in Sources */ = {isa = PBXBuildFile; fileRef = 0DAF81A52B3CA95F0062D651 /* Alert.swift */; };
		0DAF81A82B3CADE30062D651 /* LoadingView.swift in Sources */ = {isa = PBXBuildFile; fileRef = 0DAF81A72B3CADE30062D651 /* LoadingView.swift */; };
		0DAF81AA2B3CAEE80062D651 /* Color+Ext.swift in Sources */ = {isa = PBXBuildFile; fileRef = 0DAF81A92B3CAEE80062D651 /* Color+Ext.swift */; };
		0DAF81AC2B3CB4D30062D651 /* RemoteImage.swift in Sources */ = {isa = PBXBuildFile; fileRef = 0DAF81AB2B3CB4D30062D651 /* RemoteImage.swift */; };
		0DAF81BE2B3D46B30062D651 /* AppetizerDetailView.swift in Sources */ = {isa = PBXBuildFile; fileRef = 0DAF81BD2B3D46B30062D651 /* AppetizerDetailView.swift */; };
/* End PBXBuildFile section */

/* Begin PBXContainerItemProxy section */
		0DAF81792B39AC0E0062D651 /* PBXContainerItemProxy */ = {
			isa = PBXContainerItemProxy;
			containerPortal = 0DAF81602B39AC0C0062D651 /* Project object */;
			proxyType = 1;
			remoteGlobalIDString = 0DAF81672B39AC0C0062D651;
			remoteInfo = Appetizer;
		};
		0DAF81832B39AC0E0062D651 /* PBXContainerItemProxy */ = {
			isa = PBXContainerItemProxy;
			containerPortal = 0DAF81602B39AC0C0062D651 /* Project object */;
			proxyType = 1;
			remoteGlobalIDString = 0DAF81672B39AC0C0062D651;
			remoteInfo = Appetizer;
		};
/* End PBXContainerItemProxy section */

/* Begin PBXFileReference section */
		0DAF81682B39AC0C0062D651 /* Appetizer.app */ = {isa = PBXFileReference; explicitFileType = wrapper.application; includeInIndex = 0; path = Appetizer.app; sourceTree = BUILT_PRODUCTS_DIR; };
		0DAF816B2B39AC0C0062D651 /* AppetizerApp.swift */ = {isa = PBXFileReference; lastKnownFileType = sourcecode.swift; path = AppetizerApp.swift; sourceTree = "<group>"; };
		0DAF816D2B39AC0C0062D651 /* AppetizerTabView.swift */ = {isa = PBXFileReference; lastKnownFileType = sourcecode.swift; path = AppetizerTabView.swift; sourceTree = "<group>"; };
		0DAF816F2B39AC0D0062D651 /* Assets.xcassets */ = {isa = PBXFileReference; lastKnownFileType = folder.assetcatalog; path = Assets.xcassets; sourceTree = "<group>"; };
		0DAF81722B39AC0D0062D651 /* Preview Assets.xcassets */ = {isa = PBXFileReference; lastKnownFileType = folder.assetcatalog; path = "Preview Assets.xcassets"; sourceTree = "<group>"; };
		0DAF81782B39AC0E0062D651 /* AppetizerTests.xctest */ = {isa = PBXFileReference; explicitFileType = wrapper.cfbundle; includeInIndex = 0; path = AppetizerTests.xctest; sourceTree = BUILT_PRODUCTS_DIR; };
		0DAF817C2B39AC0E0062D651 /* AppetizerTests.swift */ = {isa = PBXFileReference; lastKnownFileType = sourcecode.swift; path = AppetizerTests.swift; sourceTree = "<group>"; };
		0DAF81822B39AC0E0062D651 /* AppetizerUITests.xctest */ = {isa = PBXFileReference; explicitFileType = wrapper.cfbundle; includeInIndex = 0; path = AppetizerUITests.xctest; sourceTree = BUILT_PRODUCTS_DIR; };
		0DAF81862B39AC0E0062D651 /* AppetizerUITests.swift */ = {isa = PBXFileReference; lastKnownFileType = sourcecode.swift; path = AppetizerUITests.swift; sourceTree = "<group>"; };
		0DAF81882B39AC0E0062D651 /* AppetizerUITestsLaunchTests.swift */ = {isa = PBXFileReference; lastKnownFileType = sourcecode.swift; path = AppetizerUITestsLaunchTests.swift; sourceTree = "<group>"; };
		0DAF81952B39AC9D0062D651 /* AppetizerListView.swift */ = {isa = PBXFileReference; lastKnownFileType = sourcecode.swift; path = AppetizerListView.swift; sourceTree = "<group>"; };
		0DAF81972B39ACB40062D651 /* AccountView.swift */ = {isa = PBXFileReference; lastKnownFileType = sourcecode.swift; path = AccountView.swift; sourceTree = "<group>"; };
		0DAF81992B39ACCE0062D651 /* OrderView.swift */ = {isa = PBXFileReference; lastKnownFileType = sourcecode.swift; path = OrderView.swift; sourceTree = "<group>"; };
		0DAF819B2B3C88320062D651 /* Appetizer.swift */ = {isa = PBXFileReference; lastKnownFileType = sourcecode.swift; path = Appetizer.swift; sourceTree = "<group>"; };
		0DAF819D2B3C939E0062D651 /* AppetizerListCell.swift */ = {isa = PBXFileReference; lastKnownFileType = sourcecode.swift; path = AppetizerListCell.swift; sourceTree = "<group>"; };
		0DAF819F2B3C952D0062D651 /* NetworkManager.swift */ = {isa = PBXFileReference; lastKnownFileType = sourcecode.swift; path = NetworkManager.swift; sourceTree = "<group>"; };
		0DAF81A12B3C9F0F0062D651 /* APError.swift */ = {isa = PBXFileReference; lastKnownFileType = sourcecode.swift; path = APError.swift; sourceTree = "<group>"; };
		0DAF81A32B3CA79A0062D651 /* AppetizerListViewModal.swift */ = {isa = PBXFileReference; lastKnownFileType = sourcecode.swift; path = AppetizerListViewModal.swift; sourceTree = "<group>"; };
		0DAF81A52B3CA95F0062D651 /* Alert.swift */ = {isa = PBXFileReference; lastKnownFileType = sourcecode.swift; path = Alert.swift; sourceTree = "<group>"; };
		0DAF81A72B3CADE30062D651 /* LoadingView.swift */ = {isa = PBXFileReference; lastKnownFileType = sourcecode.swift; path = LoadingView.swift; sourceTree = "<group>"; };
		0DAF81A92B3CAEE80062D651 /* Color+Ext.swift */ = {isa = PBXFileReference; lastKnownFileType = sourcecode.swift; path = "Color+Ext.swift"; sourceTree = "<group>"; };
		0DAF81AB2B3CB4D30062D651 /* RemoteImage.swift */ = {isa = PBXFileReference; lastKnownFileType = sourcecode.swift; path = RemoteImage.swift; sourceTree = "<group>"; };
		0DAF81BD2B3D46B30062D651 /* AppetizerDetailView.swift */ = {isa = PBXFileReference; lastKnownFileType = sourcecode.swift; path = AppetizerDetailView.swift; sourceTree = "<group>"; };
/* End PBXFileReference section */

/* Begin PBXFrameworksBuildPhase section */
		0DAF81652B39AC0C0062D651 /* Frameworks */ = {
			isa = PBXFrameworksBuildPhase;
			buildActionMask = 2147483647;
			files = (
			);
			runOnlyForDeploymentPostprocessing = 0;
		};
		0DAF81752B39AC0E0062D651 /* Frameworks */ = {
			isa = PBXFrameworksBuildPhase;
			buildActionMask = 2147483647;
			files = (
			);
			runOnlyForDeploymentPostprocessing = 0;
		};
		0DAF817F2B39AC0E0062D651 /* Frameworks */ = {
			isa = PBXFrameworksBuildPhase;
			buildActionMask = 2147483647;
			files = (
			);
			runOnlyForDeploymentPostprocessing = 0;
		};
/* End PBXFrameworksBuildPhase section */

/* Begin PBXGroup section */
		0DAF815F2B39AC0C0062D651 = {
			isa = PBXGroup;
			children = (
				0DAF816A2B39AC0C0062D651 /* Appetizer */,
				0DAF817B2B39AC0E0062D651 /* AppetizerTests */,
				0DAF81852B39AC0E0062D651 /* AppetizerUITests */,
				0DAF81692B39AC0C0062D651 /* Products */,
			);
			sourceTree = "<group>";
		};
		0DAF81692B39AC0C0062D651 /* Products */ = {
			isa = PBXGroup;
			children = (
				0DAF81682B39AC0C0062D651 /* Appetizer.app */,
				0DAF81782B39AC0E0062D651 /* AppetizerTests.xctest */,
				0DAF81822B39AC0E0062D651 /* AppetizerUITests.xctest */,
			);
			name = Products;
			sourceTree = "<group>";
		};
		0DAF816A2B39AC0C0062D651 /* Appetizer */ = {
			isa = PBXGroup;
			children = (
				0DAF81B62B3CBAB50062D651 /* Modal */,
				0DAF81B22B3CBA390062D651 /* Utilities */,
				0DAF81B72B3CBAF40062D651 /* Views */,
				0DAF81AD2B3CB9320062D651 /* Screens */,
				0DAF816B2B39AC0C0062D651 /* AppetizerApp.swift */,
				0DAF816F2B39AC0D0062D651 /* Assets.xcassets */,
				0DAF81712B39AC0D0062D651 /* Preview Content */,
			);
			path = Appetizer;
			sourceTree = "<group>";
		};
		0DAF81712B39AC0D0062D651 /* Preview Content */ = {
			isa = PBXGroup;
			children = (
				0DAF81722B39AC0D0062D651 /* Preview Assets.xcassets */,
			);
			path = "Preview Content";
			sourceTree = "<group>";
		};
		0DAF817B2B39AC0E0062D651 /* AppetizerTests */ = {
			isa = PBXGroup;
			children = (
				0DAF817C2B39AC0E0062D651 /* AppetizerTests.swift */,
			);
			path = AppetizerTests;
			sourceTree = "<group>";
		};
		0DAF81852B39AC0E0062D651 /* AppetizerUITests */ = {
			isa = PBXGroup;
			children = (
				0DAF81862B39AC0E0062D651 /* AppetizerUITests.swift */,
				0DAF81882B39AC0E0062D651 /* AppetizerUITestsLaunchTests.swift */,
			);
			path = AppetizerUITests;
			sourceTree = "<group>";
		};
		0DAF81AD2B3CB9320062D651 /* Screens */ = {
			isa = PBXGroup;
			children = (
				0DAF816D2B39AC0C0062D651 /* AppetizerTabView.swift */,
				0DAF81AE2B3CB9410062D651 /* AppetizerListView */,
				0DAF81B02B3CB95F0062D651 /* AccountView */,
				0DAF81B12B3CB97C0062D651 /* OrderView */,
			);
			path = Screens;
			sourceTree = "<group>";
		};
		0DAF81AE2B3CB9410062D651 /* AppetizerListView */ = {
			isa = PBXGroup;
			children = (
				0DAF81A32B3CA79A0062D651 /* AppetizerListViewModal.swift */,
				0DAF81952B39AC9D0062D651 /* AppetizerListView.swift */,
				0DAF81BD2B3D46B30062D651 /* AppetizerDetailView.swift */,
			);
			path = AppetizerListView;
			sourceTree = "<group>";
		};
		0DAF81B02B3CB95F0062D651 /* AccountView */ = {
			isa = PBXGroup;
			children = (
				0DAF81972B39ACB40062D651 /* AccountView.swift */,
			);
			path = AccountView;
			sourceTree = "<group>";
		};
		0DAF81B12B3CB97C0062D651 /* OrderView */ = {
			isa = PBXGroup;
			children = (
				0DAF81992B39ACCE0062D651 /* OrderView.swift */,
			);
			path = OrderView;
			sourceTree = "<group>";
		};
		0DAF81B22B3CBA390062D651 /* Utilities */ = {
			isa = PBXGroup;
			children = (
				0DAF81B52B3CBA7C0062D651 /* Alerts */,
				0DAF81B42B3CBA510062D651 /* Extensions */,
				0DAF81B32B3CBA4A0062D651 /* Managers */,
			);
			path = Utilities;
			sourceTree = "<group>";
		};
		0DAF81B32B3CBA4A0062D651 /* Managers */ = {
			isa = PBXGroup;
			children = (
				0DAF819F2B3C952D0062D651 /* NetworkManager.swift */,
			);
			path = Managers;
			sourceTree = "<group>";
		};
		0DAF81B42B3CBA510062D651 /* Extensions */ = {
			isa = PBXGroup;
			children = (
				0DAF81A92B3CAEE80062D651 /* Color+Ext.swift */,
			);
			path = Extensions;
			sourceTree = "<group>";
		};
		0DAF81B52B3CBA7C0062D651 /* Alerts */ = {
			isa = PBXGroup;
			children = (
				0DAF81A12B3C9F0F0062D651 /* APError.swift */,
				0DAF81A52B3CA95F0062D651 /* Alert.swift */,
			);
			path = Alerts;
			sourceTree = "<group>";
		};
		0DAF81B62B3CBAB50062D651 /* Modal */ = {
			isa = PBXGroup;
			children = (
				0DAF819B2B3C88320062D651 /* Appetizer.swift */,
			);
			path = Modal;
			sourceTree = "<group>";
		};
		0DAF81B72B3CBAF40062D651 /* Views */ = {
			isa = PBXGroup;
			children = (
				0DAF81BA2B3CBB1F0062D651 /* Image */,
				0DAF81B92B3CBB100062D651 /* Cells */,
				0DAF81B82B3CBB040062D651 /* UIKit Components */,
			);
			path = Views;
			sourceTree = "<group>";
		};
		0DAF81B82B3CBB040062D651 /* UIKit Components */ = {
			isa = PBXGroup;
			children = (
				0DAF81A72B3CADE30062D651 /* LoadingView.swift */,
			);
			path = "UIKit Components";
			sourceTree = "<group>";
		};
		0DAF81B92B3CBB100062D651 /* Cells */ = {
			isa = PBXGroup;
			children = (
				0DAF819D2B3C939E0062D651 /* AppetizerListCell.swift */,
			);
			path = Cells;
			sourceTree = "<group>";
		};
		0DAF81BA2B3CBB1F0062D651 /* Image */ = {
			isa = PBXGroup;
			children = (
				0DAF81AB2B3CB4D30062D651 /* RemoteImage.swift */,
			);
			path = Image;
			sourceTree = "<group>";
		};
/* End PBXGroup section */

/* Begin PBXNativeTarget section */
		0DAF81672B39AC0C0062D651 /* Appetizer */ = {
			isa = PBXNativeTarget;
			buildConfigurationList = 0DAF818C2B39AC0E0062D651 /* Build configuration list for PBXNativeTarget "Appetizer" */;
			buildPhases = (
				0DAF81642B39AC0C0062D651 /* Sources */,
				0DAF81652B39AC0C0062D651 /* Frameworks */,
				0DAF81662B39AC0C0062D651 /* Resources */,
			);
			buildRules = (
			);
			dependencies = (
			);
			name = Appetizer;
			productName = Appetizer;
			productReference = 0DAF81682B39AC0C0062D651 /* Appetizer.app */;
			productType = "com.apple.product-type.application";
		};
		0DAF81772B39AC0E0062D651 /* AppetizerTests */ = {
			isa = PBXNativeTarget;
			buildConfigurationList = 0DAF818F2B39AC0E0062D651 /* Build configuration list for PBXNativeTarget "AppetizerTests" */;
			buildPhases = (
				0DAF81742B39AC0E0062D651 /* Sources */,
				0DAF81752B39AC0E0062D651 /* Frameworks */,
				0DAF81762B39AC0E0062D651 /* Resources */,
			);
			buildRules = (
			);
			dependencies = (
				0DAF817A2B39AC0E0062D651 /* PBXTargetDependency */,
			);
			name = AppetizerTests;
			productName = AppetizerTests;
			productReference = 0DAF81782B39AC0E0062D651 /* AppetizerTests.xctest */;
			productType = "com.apple.product-type.bundle.unit-test";
		};
		0DAF81812B39AC0E0062D651 /* AppetizerUITests */ = {
			isa = PBXNativeTarget;
			buildConfigurationList = 0DAF81922B39AC0E0062D651 /* Build configuration list for PBXNativeTarget "AppetizerUITests" */;
			buildPhases = (
				0DAF817E2B39AC0E0062D651 /* Sources */,
				0DAF817F2B39AC0E0062D651 /* Frameworks */,
				0DAF81802B39AC0E0062D651 /* Resources */,
			);
			buildRules = (
			);
			dependencies = (
				0DAF81842B39AC0E0062D651 /* PBXTargetDependency */,
			);
			name = AppetizerUITests;
			productName = AppetizerUITests;
			productReference = 0DAF81822B39AC0E0062D651 /* AppetizerUITests.xctest */;
			productType = "com.apple.product-type.bundle.ui-testing";
		};
/* End PBXNativeTarget section */

/* Begin PBXProject section */
		0DAF81602B39AC0C0062D651 /* Project object */ = {
			isa = PBXProject;
			attributes = {
				BuildIndependentTargetsInParallel = 1;
				LastSwiftUpdateCheck = 1510;
				LastUpgradeCheck = 1510;
				TargetAttributes = {
					0DAF81672B39AC0C0062D651 = {
						CreatedOnToolsVersion = 15.1;
					};
					0DAF81772B39AC0E0062D651 = {
						CreatedOnToolsVersion = 15.1;
						TestTargetID = 0DAF81672B39AC0C0062D651;
					};
					0DAF81812B39AC0E0062D651 = {
						CreatedOnToolsVersion = 15.1;
						TestTargetID = 0DAF81672B39AC0C0062D651;
					};
				};
			};
			buildConfigurationList = 0DAF81632B39AC0C0062D651 /* Build configuration list for PBXProject "Appetizer" */;
			compatibilityVersion = "Xcode 14.0";
			developmentRegion = en;
			hasScannedForEncodings = 0;
			knownRegions = (
				en,
				Base,
			);
			mainGroup = 0DAF815F2B39AC0C0062D651;
			productRefGroup = 0DAF81692B39AC0C0062D651 /* Products */;
			projectDirPath = "";
			projectRoot = "";
			targets = (
				0DAF81672B39AC0C0062D651 /* Appetizer */,
				0DAF81772B39AC0E0062D651 /* AppetizerTests */,
				0DAF81812B39AC0E0062D651 /* AppetizerUITests */,
			);
		};
/* End PBXProject section */

/* Begin PBXResourcesBuildPhase section */
		0DAF81662B39AC0C0062D651 /* Resources */ = {
			isa = PBXResourcesBuildPhase;
			buildActionMask = 2147483647;
			files = (
				0DAF81732B39AC0D0062D651 /* Preview Assets.xcassets in Resources */,
				0DAF81702B39AC0D0062D651 /* Assets.xcassets in Resources */,
			);
			runOnlyForDeploymentPostprocessing = 0;
		};
		0DAF81762B39AC0E0062D651 /* Resources */ = {
			isa = PBXResourcesBuildPhase;
			buildActionMask = 2147483647;
			files = (
			);
			runOnlyForDeploymentPostprocessing = 0;
		};
		0DAF81802B39AC0E0062D651 /* Resources */ = {
			isa = PBXResourcesBuildPhase;
			buildActionMask = 2147483647;
			files = (
			);
			runOnlyForDeploymentPostprocessing = 0;
		};
/* End PBXResourcesBuildPhase section */

/* Begin PBXSourcesBuildPhase section */
		0DAF81642B39AC0C0062D651 /* Sources */ = {
			isa = PBXSourcesBuildPhase;
			buildActionMask = 2147483647;
			files = (
				0DAF819C2B3C88320062D651 /* Appetizer.swift in Sources */,
				0DAF81A22B3C9F0F0062D651 /* APError.swift in Sources */,
				0DAF819E2B3C939E0062D651 /* AppetizerListCell.swift in Sources */,
				0DAF81982B39ACB40062D651 /* AccountView.swift in Sources */,
				0DAF81AA2B3CAEE80062D651 /* Color+Ext.swift in Sources */,
				0DAF816E2B39AC0C0062D651 /* AppetizerTabView.swift in Sources */,
				0DAF81A82B3CADE30062D651 /* LoadingView.swift in Sources */,
				0DAF81A42B3CA79A0062D651 /* AppetizerListViewModal.swift in Sources */,
				0DAF81A02B3C952D0062D651 /* NetworkManager.swift in Sources */,
				0DAF81AC2B3CB4D30062D651 /* RemoteImage.swift in Sources */,
				0DAF81BE2B3D46B30062D651 /* AppetizerDetailView.swift in Sources */,
				0DAF816C2B39AC0C0062D651 /* AppetizerApp.swift in Sources */,
				0DAF81A62B3CA95F0062D651 /* Alert.swift in Sources */,
				0DAF81962B39AC9D0062D651 /* AppetizerListView.swift in Sources */,
				0DAF819A2B39ACCE0062D651 /* OrderView.swift in Sources */,
			);
			runOnlyForDeploymentPostprocessing = 0;
		};
		0DAF81742B39AC0E0062D651 /* Sources */ = {
			isa = PBXSourcesBuildPhase;
			buildActionMask = 2147483647;
			files = (
				0DAF817D2B39AC0E0062D651 /* AppetizerTests.swift in Sources */,
			);
			runOnlyForDeploymentPostprocessing = 0;
		};
		0DAF817E2B39AC0E0062D651 /* Sources */ = {
			isa = PBXSourcesBuildPhase;
			buildActionMask = 2147483647;
			files = (
				0DAF81872B39AC0E0062D651 /* AppetizerUITests.swift in Sources */,
				0DAF81892B39AC0E0062D651 /* AppetizerUITestsLaunchTests.swift in Sources */,
			);
			runOnlyForDeploymentPostprocessing = 0;
		};
/* End PBXSourcesBuildPhase section */

/* Begin PBXTargetDependency section */
		0DAF817A2B39AC0E0062D651 /* PBXTargetDependency */ = {
			isa = PBXTargetDependency;
			target = 0DAF81672B39AC0C0062D651 /* Appetizer */;
			targetProxy = 0DAF81792B39AC0E0062D651 /* PBXContainerItemProxy */;
		};
		0DAF81842B39AC0E0062D651 /* PBXTargetDependency */ = {
			isa = PBXTargetDependency;
			target = 0DAF81672B39AC0C0062D651 /* Appetizer */;
			targetProxy = 0DAF81832B39AC0E0062D651 /* PBXContainerItemProxy */;
		};
/* End PBXTargetDependency section */

/* Begin XCBuildConfiguration section */
		0DAF818A2B39AC0E0062D651 /* Debug */ = {
			isa = XCBuildConfiguration;
			buildSettings = {
				ALWAYS_SEARCH_USER_PATHS = NO;
				ASSETCATALOG_COMPILER_GENERATE_SWIFT_ASSET_SYMBOL_EXTENSIONS = YES;
				CLANG_ANALYZER_NONNULL = YES;
				CLANG_ANALYZER_NUMBER_OBJECT_CONVERSION = YES_AGGRESSIVE;
				CLANG_CXX_LANGUAGE_STANDARD = "gnu++20";
				CLANG_ENABLE_MODULES = YES;
				CLANG_ENABLE_OBJC_ARC = YES;
				CLANG_ENABLE_OBJC_WEAK = YES;
				CLANG_WARN_BLOCK_CAPTURE_AUTORELEASING = YES;
				CLANG_WARN_BOOL_CONVERSION = YES;
				CLANG_WARN_COMMA = YES;
				CLANG_WARN_CONSTANT_CONVERSION = YES;
				CLANG_WARN_DEPRECATED_OBJC_IMPLEMENTATIONS = YES;
				CLANG_WARN_DIRECT_OBJC_ISA_USAGE = YES_ERROR;
				CLANG_WARN_DOCUMENTATION_COMMENTS = YES;
				CLANG_WARN_EMPTY_BODY = YES;
				CLANG_WARN_ENUM_CONVERSION = YES;
				CLANG_WARN_INFINITE_RECURSION = YES;
				CLANG_WARN_INT_CONVERSION = YES;
				CLANG_WARN_NON_LITERAL_NULL_CONVERSION = YES;
				CLANG_WARN_OBJC_IMPLICIT_RETAIN_SELF = YES;
				CLANG_WARN_OBJC_LITERAL_CONVERSION = YES;
				CLANG_WARN_OBJC_ROOT_CLASS = YES_ERROR;
				CLANG_WARN_QUOTED_INCLUDE_IN_FRAMEWORK_HEADER = YES;
				CLANG_WARN_RANGE_LOOP_ANALYSIS = YES;
				CLANG_WARN_STRICT_PROTOTYPES = YES;
				CLANG_WARN_SUSPICIOUS_MOVE = YES;
				CLANG_WARN_UNGUARDED_AVAILABILITY = YES_AGGRESSIVE;
				CLANG_WARN_UNREACHABLE_CODE = YES;
				CLANG_WARN__DUPLICATE_METHOD_MATCH = YES;
				COPY_PHASE_STRIP = NO;
				DEBUG_INFORMATION_FORMAT = dwarf;
				ENABLE_STRICT_OBJC_MSGSEND = YES;
				ENABLE_TESTABILITY = YES;
				ENABLE_USER_SCRIPT_SANDBOXING = YES;
				GCC_C_LANGUAGE_STANDARD = gnu17;
				GCC_DYNAMIC_NO_PIC = NO;
				GCC_NO_COMMON_BLOCKS = YES;
				GCC_OPTIMIZATION_LEVEL = 0;
				GCC_PREPROCESSOR_DEFINITIONS = (
					"DEBUG=1",
					"$(inherited)",
				);
				GCC_WARN_64_TO_32_BIT_CONVERSION = YES;
				GCC_WARN_ABOUT_RETURN_TYPE = YES_ERROR;
				GCC_WARN_UNDECLARED_SELECTOR = YES;
				GCC_WARN_UNINITIALIZED_AUTOS = YES_AGGRESSIVE;
				GCC_WARN_UNUSED_FUNCTION = YES;
				GCC_WARN_UNUSED_VARIABLE = YES;
				IPHONEOS_DEPLOYMENT_TARGET = 17.2;
				LOCALIZATION_PREFERS_STRING_CATALOGS = YES;
				MTL_ENABLE_DEBUG_INFO = INCLUDE_SOURCE;
				MTL_FAST_MATH = YES;
				ONLY_ACTIVE_ARCH = YES;
				SDKROOT = iphoneos;
				SWIFT_ACTIVE_COMPILATION_CONDITIONS = "DEBUG $(inherited)";
				SWIFT_OPTIMIZATION_LEVEL = "-Onone";
			};
			name = Debug;
		};
		0DAF818B2B39AC0E0062D651 /* Release */ = {
			isa = XCBuildConfiguration;
			buildSettings = {
				ALWAYS_SEARCH_USER_PATHS = NO;
				ASSETCATALOG_COMPILER_GENERATE_SWIFT_ASSET_SYMBOL_EXTENSIONS = YES;
				CLANG_ANALYZER_NONNULL = YES;
				CLANG_ANALYZER_NUMBER_OBJECT_CONVERSION = YES_AGGRESSIVE;
				CLANG_CXX_LANGUAGE_STANDARD = "gnu++20";
				CLANG_ENABLE_MODULES = YES;
				CLANG_ENABLE_OBJC_ARC = YES;
				CLANG_ENABLE_OBJC_WEAK = YES;
				CLANG_WARN_BLOCK_CAPTURE_AUTORELEASING = YES;
				CLANG_WARN_BOOL_CONVERSION = YES;
				CLANG_WARN_COMMA = YES;
				CLANG_WARN_CONSTANT_CONVERSION = YES;
				CLANG_WARN_DEPRECATED_OBJC_IMPLEMENTATIONS = YES;
				CLANG_WARN_DIRECT_OBJC_ISA_USAGE = YES_ERROR;
				CLANG_WARN_DOCUMENTATION_COMMENTS = YES;
				CLANG_WARN_EMPTY_BODY = YES;
				CLANG_WARN_ENUM_CONVERSION = YES;
				CLANG_WARN_INFINITE_RECURSION = YES;
				CLANG_WARN_INT_CONVERSION = YES;
				CLANG_WARN_NON_LITERAL_NULL_CONVERSION = YES;
				CLANG_WARN_OBJC_IMPLICIT_RETAIN_SELF = YES;
				CLANG_WARN_OBJC_LITERAL_CONVERSION = YES;
				CLANG_WARN_OBJC_ROOT_CLASS = YES_ERROR;
				CLANG_WARN_QUOTED_INCLUDE_IN_FRAMEWORK_HEADER = YES;
				CLANG_WARN_RANGE_LOOP_ANALYSIS = YES;
				CLANG_WARN_STRICT_PROTOTYPES = YES;
				CLANG_WARN_SUSPICIOUS_MOVE = YES;
				CLANG_WARN_UNGUARDED_AVAILABILITY = YES_AGGRESSIVE;
				CLANG_WARN_UNREACHABLE_CODE = YES;
				CLANG_WARN__DUPLICATE_METHOD_MATCH = YES;
				COPY_PHASE_STRIP = NO;
				DEBUG_INFORMATION_FORMAT = "dwarf-with-dsym";
				ENABLE_NS_ASSERTIONS = NO;
				ENABLE_STRICT_OBJC_MSGSEND = YES;
				ENABLE_USER_SCRIPT_SANDBOXING = YES;
				GCC_C_LANGUAGE_STANDARD = gnu17;
				GCC_NO_COMMON_BLOCKS = YES;
				GCC_WARN_64_TO_32_BIT_CONVERSION = YES;
				GCC_WARN_ABOUT_RETURN_TYPE = YES_ERROR;
				GCC_WARN_UNDECLARED_SELECTOR = YES;
				GCC_WARN_UNINITIALIZED_AUTOS = YES_AGGRESSIVE;
				GCC_WARN_UNUSED_FUNCTION = YES;
				GCC_WARN_UNUSED_VARIABLE = YES;
				IPHONEOS_DEPLOYMENT_TARGET = 17.2;
				LOCALIZATION_PREFERS_STRING_CATALOGS = YES;
				MTL_ENABLE_DEBUG_INFO = NO;
				MTL_FAST_MATH = YES;
				SDKROOT = iphoneos;
				SWIFT_COMPILATION_MODE = wholemodule;
				VALIDATE_PRODUCT = YES;
			};
			name = Release;
		};
		0DAF818D2B39AC0E0062D651 /* Debug */ = {
			isa = XCBuildConfiguration;
			buildSettings = {
				ASSETCATALOG_COMPILER_APPICON_NAME = AppIcon;
				ASSETCATALOG_COMPILER_GLOBAL_ACCENT_COLOR_NAME = AccentColor;
				CODE_SIGN_STYLE = Automatic;
				CURRENT_PROJECT_VERSION = 1;
				DEVELOPMENT_ASSET_PATHS = "\"Appetizer/Preview Content\"";
				DEVELOPMENT_TEAM = BJ3KU2BJXU;
				ENABLE_PREVIEWS = YES;
				GENERATE_INFOPLIST_FILE = YES;
				INFOPLIST_KEY_UIApplicationSceneManifest_Generation = YES;
				INFOPLIST_KEY_UIApplicationSupportsIndirectInputEvents = YES;
				INFOPLIST_KEY_UILaunchScreen_Generation = YES;
				INFOPLIST_KEY_UISupportedInterfaceOrientations_iPad = "UIInterfaceOrientationPortrait UIInterfaceOrientationPortraitUpsideDown UIInterfaceOrientationLandscapeLeft UIInterfaceOrientationLandscapeRight";
				INFOPLIST_KEY_UISupportedInterfaceOrientations_iPhone = "UIInterfaceOrientationPortrait UIInterfaceOrientationLandscapeLeft UIInterfaceOrientationLandscapeRight";
				LD_RUNPATH_SEARCH_PATHS = (
					"$(inherited)",
					"@executable_path/Frameworks",
				);
				MARKETING_VERSION = 1.0;
				PRODUCT_BUNDLE_IDENTIFIER = NA.Appetizer;
				PRODUCT_NAME = "$(TARGET_NAME)";
				SWIFT_EMIT_LOC_STRINGS = YES;
				SWIFT_VERSION = 5.0;
				TARGETED_DEVICE_FAMILY = "1,2";
			};
			name = Debug;
		};
		0DAF818E2B39AC0E0062D651 /* Release */ = {
			isa = XCBuildConfiguration;
			buildSettings = {
				ASSETCATALOG_COMPILER_APPICON_NAME = AppIcon;
				ASSETCATALOG_COMPILER_GLOBAL_ACCENT_COLOR_NAME = AccentColor;
				CODE_SIGN_STYLE = Automatic;
				CURRENT_PROJECT_VERSION = 1;
				DEVELOPMENT_ASSET_PATHS = "\"Appetizer/Preview Content\"";
				DEVELOPMENT_TEAM = BJ3KU2BJXU;
				ENABLE_PREVIEWS = YES;
				GENERATE_INFOPLIST_FILE = YES;
				INFOPLIST_KEY_UIApplicationSceneManifest_Generation = YES;
				INFOPLIST_KEY_UIApplicationSupportsIndirectInputEvents = YES;
				INFOPLIST_KEY_UILaunchScreen_Generation = YES;
				INFOPLIST_KEY_UISupportedInterfaceOrientations_iPad = "UIInterfaceOrientationPortrait UIInterfaceOrientationPortraitUpsideDown UIInterfaceOrientationLandscapeLeft UIInterfaceOrientationLandscapeRight";
				INFOPLIST_KEY_UISupportedInterfaceOrientations_iPhone = "UIInterfaceOrientationPortrait UIInterfaceOrientationLandscapeLeft UIInterfaceOrientationLandscapeRight";
				LD_RUNPATH_SEARCH_PATHS = (
					"$(inherited)",
					"@executable_path/Frameworks",
				);
				MARKETING_VERSION = 1.0;
				PRODUCT_BUNDLE_IDENTIFIER = NA.Appetizer;
				PRODUCT_NAME = "$(TARGET_NAME)";
				SWIFT_EMIT_LOC_STRINGS = YES;
				SWIFT_VERSION = 5.0;
				TARGETED_DEVICE_FAMILY = "1,2";
			};
			name = Release;
		};
		0DAF81902B39AC0E0062D651 /* Debug */ = {
			isa = XCBuildConfiguration;
			buildSettings = {
				ALWAYS_EMBED_SWIFT_STANDARD_LIBRARIES = YES;
				BUNDLE_LOADER = "$(TEST_HOST)";
				CODE_SIGN_STYLE = Automatic;
				CURRENT_PROJECT_VERSION = 1;
				DEVELOPMENT_TEAM = BJ3KU2BJXU;
				GENERATE_INFOPLIST_FILE = YES;
				IPHONEOS_DEPLOYMENT_TARGET = 17.2;
				MARKETING_VERSION = 1.0;
				PRODUCT_BUNDLE_IDENTIFIER = NA.AppetizerTests;
				PRODUCT_NAME = "$(TARGET_NAME)";
				SWIFT_EMIT_LOC_STRINGS = NO;
				SWIFT_VERSION = 5.0;
				TARGETED_DEVICE_FAMILY = "1,2";
				TEST_HOST = "$(BUILT_PRODUCTS_DIR)/Appetizer.app/$(BUNDLE_EXECUTABLE_FOLDER_PATH)/Appetizer";
			};
			name = Debug;
		};
		0DAF81912B39AC0E0062D651 /* Release */ = {
			isa = XCBuildConfiguration;
			buildSettings = {
				ALWAYS_EMBED_SWIFT_STANDARD_LIBRARIES = YES;
				BUNDLE_LOADER = "$(TEST_HOST)";
				CODE_SIGN_STYLE = Automatic;
				CURRENT_PROJECT_VERSION = 1;
				DEVELOPMENT_TEAM = BJ3KU2BJXU;
				GENERATE_INFOPLIST_FILE = YES;
				IPHONEOS_DEPLOYMENT_TARGET = 17.2;
				MARKETING_VERSION = 1.0;
				PRODUCT_BUNDLE_IDENTIFIER = NA.AppetizerTests;
				PRODUCT_NAME = "$(TARGET_NAME)";
				SWIFT_EMIT_LOC_STRINGS = NO;
				SWIFT_VERSION = 5.0;
				TARGETED_DEVICE_FAMILY = "1,2";
				TEST_HOST = "$(BUILT_PRODUCTS_DIR)/Appetizer.app/$(BUNDLE_EXECUTABLE_FOLDER_PATH)/Appetizer";
			};
			name = Release;
		};
		0DAF81932B39AC0E0062D651 /* Debug */ = {
			isa = XCBuildConfiguration;
			buildSettings = {
				ALWAYS_EMBED_SWIFT_STANDARD_LIBRARIES = YES;
				CODE_SIGN_STYLE = Automatic;
				CURRENT_PROJECT_VERSION = 1;
				DEVELOPMENT_TEAM = BJ3KU2BJXU;
				GENERATE_INFOPLIST_FILE = YES;
				MARKETING_VERSION = 1.0;
				PRODUCT_BUNDLE_IDENTIFIER = NA.AppetizerUITests;
				PRODUCT_NAME = "$(TARGET_NAME)";
				SWIFT_EMIT_LOC_STRINGS = NO;
				SWIFT_VERSION = 5.0;
				TARGETED_DEVICE_FAMILY = "1,2";
				TEST_TARGET_NAME = Appetizer;
			};
			name = Debug;
		};
		0DAF81942B39AC0E0062D651 /* Release */ = {
			isa = XCBuildConfiguration;
			buildSettings = {
				ALWAYS_EMBED_SWIFT_STANDARD_LIBRARIES = YES;
				CODE_SIGN_STYLE = Automatic;
				CURRENT_PROJECT_VERSION = 1;
				DEVELOPMENT_TEAM = BJ3KU2BJXU;
				GENERATE_INFOPLIST_FILE = YES;
				MARKETING_VERSION = 1.0;
				PRODUCT_BUNDLE_IDENTIFIER = NA.AppetizerUITests;
				PRODUCT_NAME = "$(TARGET_NAME)";
				SWIFT_EMIT_LOC_STRINGS = NO;
				SWIFT_VERSION = 5.0;
				TARGETED_DEVICE_FAMILY = "1,2";
				TEST_TARGET_NAME = Appetizer;
			};
			name = Release;
		};
/* End XCBuildConfiguration section */

/* Begin XCConfigurationList section */
		0DAF81632B39AC0C0062D651 /* Build configuration list for PBXProject "Appetizer" */ = {
			isa = XCConfigurationList;
			buildConfigurations = (
				0DAF818A2B39AC0E0062D651 /* Debug */,
				0DAF818B2B39AC0E0062D651 /* Release */,
			);
			defaultConfigurationIsVisible = 0;
			defaultConfigurationName = Release;
		};
		0DAF818C2B39AC0E0062D651 /* Build configuration list for PBXNativeTarget "Appetizer" */ = {
			isa = XCConfigurationList;
			buildConfigurations = (
				0DAF818D2B39AC0E0062D651 /* Debug */,
				0DAF818E2B39AC0E0062D651 /* Release */,
			);
			defaultConfigurationIsVisible = 0;
			defaultConfigurationName = Release;
		};
		0DAF818F2B39AC0E0062D651 /* Build configuration list for PBXNativeTarget "AppetizerTests" */ = {
			isa = XCConfigurationList;
			buildConfigurations = (
				0DAF81902B39AC0E0062D651 /* Debug */,
				0DAF81912B39AC0E0062D651 /* Release */,
			);
			defaultConfigurationIsVisible = 0;
			defaultConfigurationName = Release;
		};
		0DAF81922B39AC0E0062D651 /* Build configuration list for PBXNativeTarget "AppetizerUITests" */ = {
			isa = XCConfigurationList;
			buildConfigurations = (
				0DAF81932B39AC0E0062D651 /* Debug */,
				0DAF81942B39AC0E0062D651 /* Release */,
			);
			defaultConfigurationIsVisible = 0;
			defaultConfigurationName = Release;
		};
/* End XCConfigurationList section */
	};
	rootObject = 0DAF81602B39AC0C0062D651 /* Project object */;
}
